
Microsoft Visual Studio Solution File, Format Version 12.00
# Visual Studio Version 16
VisualStudioVersion = 16.0.31702.278
MinimumVisualStudioVersion = 10.0.40219.1
Project("{FAE04EC0-301F-11D3-BF4B-00C04F79EFBC}") = "Produtos", "Produtos\Produtos.csproj", "{497EDD7B-5DAF-4547-B64D-7263D6CB7C6C}"
EndProject
Global
	GlobalSection(SolutionConfigurationPlatforms) = preSolution
		Debug|Any CPU = Debug|Any CPU
		Release|Any CPU = Release|Any CPU
	EndGlobalSection
	GlobalSection(ProjectConfigurationPlatforms) = postSolution
		{497EDD7B-5DAF-4547-B64D-7263D6CB7C6C}.Debug|Any CPU.ActiveCfg = Debug|Any CPU
		{497EDD7B-5DAF-4547-B64D-7263D6CB7C6C}.Debug|Any CPU.Build.0 = Debug|Any CPU
		{497EDD7B-5DAF-4547-B64D-7263D6CB7C6C}.Release|Any CPU.ActiveCfg = Release|Any CPU
		{497EDD7B-5DAF-4547-B64D-7263D6CB7C6C}.Release|Any CPU.Build.0 = Release|Any CPU
	EndGlobalSection
	GlobalSection(SolutionProperties) = preSolution
		HideSolutionNode = FALSE
	EndGlobalSection
	GlobalSection(ExtensibilityGlobals) = postSolution
		SolutionGuid = {E48D3DD8-0E6F-4F75-9516-08B4A43F73AB}
	EndGlobalSection
EndGlobal
